// !$*UTF8*$!
{
	archiveVersion = 1;
	classes = {
	};
	objectVersion = 50;
	objects = {

/* Begin PBXBuildFile section */
		CE15C36B2382F2FA0097AEF0 /* AppDelegate.swift in Sources */ = {isa = PBXBuildFile; fileRef = CE15C36A2382F2FA0097AEF0 /* AppDelegate.swift */; };
		CE15C36D2382F2FA0097AEF0 /* ViewController.swift in Sources */ = {isa = PBXBuildFile; fileRef = CE15C36C2382F2FA0097AEF0 /* ViewController.swift */; };
		CE15C3722382F2FC0097AEF0 /* Assets.xcassets in Resources */ = {isa = PBXBuildFile; fileRef = CE15C3712382F2FC0097AEF0 /* Assets.xcassets */; };
		CE15C3752382F2FC0097AEF0 /* LaunchScreen.storyboard in Resources */ = {isa = PBXBuildFile; fileRef = CE15C3732382F2FC0097AEF0 /* LaunchScreen.storyboard */; };
		CE15C3802382F2FC0097AEF0 /* calculatorTests.swift in Sources */ = {isa = PBXBuildFile; fileRef = CE15C37F2382F2FC0097AEF0 /* calculatorTests.swift */; };
		CE15C38B2382F2FC0097AEF0 /* calculatorUITests.swift in Sources */ = {isa = PBXBuildFile; fileRef = CE15C38A2382F2FC0097AEF0 /* calculatorUITests.swift */; };
		CE15C39C2382F38A0097AEF0 /* Main.storyboard in Resources */ = {isa = PBXBuildFile; fileRef = CE15C36E2382F2FA0097AEF0 /* Main.storyboard */; };
		CE15C39E2382F38F0097AEF0 /* Main.storyboard in Resources */ = {isa = PBXBuildFile; fileRef = CE15C36E2382F2FA0097AEF0 /* Main.storyboard */; };
		CE15C39F2382F3900097AEF0 /* Main.storyboard in Resources */ = {isa = PBXBuildFile; fileRef = CE15C36E2382F2FA0097AEF0 /* Main.storyboard */; };
/* End PBXBuildFile section */

/* Begin PBXContainerItemProxy section */
		CE15C37C2382F2FC0097AEF0 /* PBXContainerItemProxy */ = {
			isa = PBXContainerItemProxy;
			containerPortal = CE15C35F2382F2FA0097AEF0 /* Project object */;
			proxyType = 1;
			remoteGlobalIDString = CE15C3662382F2FA0097AEF0;
			remoteInfo = calculator;
		};
		CE15C3872382F2FC0097AEF0 /* PBXContainerItemProxy */ = {
			isa = PBXContainerItemProxy;
			containerPortal = CE15C35F2382F2FA0097AEF0 /* Project object */;
			proxyType = 1;
			remoteGlobalIDString = CE15C3662382F2FA0097AEF0;
			remoteInfo = calculator;
		};
/* End PBXContainerItemProxy section */

/* Begin PBXFileReference section */
		CE15C3672382F2FA0097AEF0 /* calculator.app */ = {isa = PBXFileReference; explicitFileType = wrapper.application; includeInIndex = 0; path = calculator.app; sourceTree = BUILT_PRODUCTS_DIR; };
		CE15C36A2382F2FA0097AEF0 /* AppDelegate.swift */ = {isa = PBXFileReference; lastKnownFileType = sourcecode.swift; path = AppDelegate.swift; sourceTree = "<group>"; };
		CE15C36C2382F2FA0097AEF0 /* ViewController.swift */ = {isa = PBXFileReference; lastKnownFileType = sourcecode.swift; path = ViewController.swift; sourceTree = "<group>"; };
		CE15C36F2382F2FA0097AEF0 /* Base */ = {isa = PBXFileReference; lastKnownFileType = file.storyboard; name = Base; path = Base.lproj/Main.storyboard; sourceTree = "<group>"; };
		CE15C3712382F2FC0097AEF0 /* Assets.xcassets */ = {isa = PBXFileReference; lastKnownFileType = folder.assetcatalog; path = Assets.xcassets; sourceTree = "<group>"; };
		CE15C3742382F2FC0097AEF0 /* Base */ = {isa = PBXFileReference; lastKnownFileType = file.storyboard; name = Base; path = Base.lproj/LaunchScreen.storyboard; sourceTree = "<group>"; };
		CE15C3762382F2FC0097AEF0 /* Info.plist */ = {isa = PBXFileReference; lastKnownFileType = text.plist.xml; path = Info.plist; sourceTree = "<group>"; };
		CE15C37B2382F2FC0097AEF0 /* calculatorTests.xctest */ = {isa = PBXFileReference; explicitFileType = wrapper.cfbundle; includeInIndex = 0; path = calculatorTests.xctest; sourceTree = BUILT_PRODUCTS_DIR; };
		CE15C37F2382F2FC0097AEF0 /* calculatorTests.swift */ = {isa = PBXFileReference; lastKnownFileType = sourcecode.swift; path = calculatorTests.swift; sourceTree = "<group>"; };
		CE15C3812382F2FC0097AEF0 /* Info.plist */ = {isa = PBXFileReference; lastKnownFileType = text.plist.xml; path = Info.plist; sourceTree = "<group>"; };
		CE15C3862382F2FC0097AEF0 /* calculatorUITests.xctest */ = {isa = PBXFileReference; explicitFileType = wrapper.cfbundle; includeInIndex = 0; path = calculatorUITests.xctest; sourceTree = BUILT_PRODUCTS_DIR; };
		CE15C38A2382F2FC0097AEF0 /* calculatorUITests.swift */ = {isa = PBXFileReference; lastKnownFileType = sourcecode.swift; path = calculatorUITests.swift; sourceTree = "<group>"; };
		CE15C38C2382F2FC0097AEF0 /* Info.plist */ = {isa = PBXFileReference; lastKnownFileType = text.plist.xml; path = Info.plist; sourceTree = "<group>"; };
		CE15C39B2382F36B0097AEF0 /* en */ = {isa = PBXFileReference; lastKnownFileType = text.plist.strings; name = en; path = en.lproj/Main.strings; sourceTree = "<group>"; };
/* End PBXFileReference section */

/* Begin PBXFrameworksBuildPhase section */
		CE15C3642382F2FA0097AEF0 /* Frameworks */ = {
			isa = PBXFrameworksBuildPhase;
			buildActionMask = 2147483647;
			files = (
			);
			runOnlyForDeploymentPostprocessing = 0;
		};
		CE15C3782382F2FC0097AEF0 /* Frameworks */ = {
			isa = PBXFrameworksBuildPhase;
			buildActionMask = 2147483647;
			files = (
			);
			runOnlyForDeploymentPostprocessing = 0;
		};
		CE15C3832382F2FC0097AEF0 /* Frameworks */ = {
			isa = PBXFrameworksBuildPhase;
			buildActionMask = 2147483647;
			files = (
			);
			runOnlyForDeploymentPostprocessing = 0;
		};
/* End PBXFrameworksBuildPhase section */

/* Begin PBXGroup section */
		CE15C35E2382F2FA0097AEF0 = {
			isa = PBXGroup;
			children = (
				CE15C3692382F2FA0097AEF0 /* calculator */,
				CE15C37E2382F2FC0097AEF0 /* calculatorTests */,
				CE15C3892382F2FC0097AEF0 /* calculatorUITests */,
				CE15C3682382F2FA0097AEF0 /* Products */,
			);
			sourceTree = "<group>";
		};
		CE15C3682382F2FA0097AEF0 /* Products */ = {
			isa = PBXGroup;
			children = (
				CE15C3672382F2FA0097AEF0 /* calculator.app */,
				CE15C37B2382F2FC0097AEF0 /* calculatorTests.xctest */,
				CE15C3862382F2FC0097AEF0 /* calculatorUITests.xctest */,
			);
			name = Products;
			sourceTree = "<group>";
		};
		CE15C3692382F2FA0097AEF0 /* calculator */ = {
			isa = PBXGroup;
			children = (
				CE15C36A2382F2FA0097AEF0 /* AppDelegate.swift */,
				CE15C36C2382F2FA0097AEF0 /* ViewController.swift */,
				CE15C36E2382F2FA0097AEF0 /* Main.storyboard */,
				CE15C3712382F2FC0097AEF0 /* Assets.xcassets */,
				CE15C3732382F2FC0097AEF0 /* LaunchScreen.storyboard */,
				CE15C3762382F2FC0097AEF0 /* Info.plist */,
			);
			path = calculator;
			sourceTree = "<group>";
		};
		CE15C37E2382F2FC0097AEF0 /* calculatorTests */ = {
			isa = PBXGroup;
			children = (
				CE15C37F2382F2FC0097AEF0 /* calculatorTests.swift */,
				CE15C3812382F2FC0097AEF0 /* Info.plist */,
			);
			path = calculatorTests;
			sourceTree = "<group>";
		};
		CE15C3892382F2FC0097AEF0 /* calculatorUITests */ = {
			isa = PBXGroup;
			children = (
				CE15C38A2382F2FC0097AEF0 /* calculatorUITests.swift */,
				CE15C38C2382F2FC0097AEF0 /* Info.plist */,
			);
			path = calculatorUITests;
			sourceTree = "<group>";
		};
/* End PBXGroup section */

/* Begin PBXNativeTarget section */
		CE15C3662382F2FA0097AEF0 /* calculator */ = {
			isa = PBXNativeTarget;
			buildConfigurationList = CE15C38F2382F2FC0097AEF0 /* Build configuration list for PBXNativeTarget "calculator" */;
			buildPhases = (
				CE15C3632382F2FA0097AEF0 /* Sources */,
				CE15C3642382F2FA0097AEF0 /* Frameworks */,
				CE15C3652382F2FA0097AEF0 /* Resources */,
			);
			buildRules = (
			);
			dependencies = (
			);
			name = calculator;
			productName = calculator;
			productReference = CE15C3672382F2FA0097AEF0 /* calculator.app */;
			productType = "com.apple.product-type.application";
		};
		CE15C37A2382F2FC0097AEF0 /* calculatorTests */ = {
			isa = PBXNativeTarget;
			buildConfigurationList = CE15C3922382F2FC0097AEF0 /* Build configuration list for PBXNativeTarget "calculatorTests" */;
			buildPhases = (
				CE15C3772382F2FC0097AEF0 /* Sources */,
				CE15C3782382F2FC0097AEF0 /* Frameworks */,
				CE15C3792382F2FC0097AEF0 /* Resources */,
			);
			buildRules = (
			);
			dependencies = (
				CE15C37D2382F2FC0097AEF0 /* PBXTargetDependency */,
			);
			name = calculatorTests;
			productName = calculatorTests;
			productReference = CE15C37B2382F2FC0097AEF0 /* calculatorTests.xctest */;
			productType = "com.apple.product-type.bundle.unit-test";
		};
		CE15C3852382F2FC0097AEF0 /* calculatorUITests */ = {
			isa = PBXNativeTarget;
			buildConfigurationList = CE15C3952382F2FC0097AEF0 /* Build configuration list for PBXNativeTarget "calculatorUITests" */;
			buildPhases = (
				CE15C3822382F2FC0097AEF0 /* Sources */,
				CE15C3832382F2FC0097AEF0 /* Frameworks */,
				CE15C3842382F2FC0097AEF0 /* Resources */,
			);
			buildRules = (
			);
			dependencies = (
				CE15C3882382F2FC0097AEF0 /* PBXTargetDependency */,
			);
			name = calculatorUITests;
			productName = calculatorUITests;
			productReference = CE15C3862382F2FC0097AEF0 /* calculatorUITests.xctest */;
			productType = "com.apple.product-type.bundle.ui-testing";
		};
/* End PBXNativeTarget section */

/* Begin PBXProject section */
		CE15C35F2382F2FA0097AEF0 /* Project object */ = {
			isa = PBXProject;
			attributes = {
				LastSwiftUpdateCheck = 1000;
				LastUpgradeCheck = 1000;
				ORGANIZATIONNAME = huseynova;
				TargetAttributes = {
					CE15C3662382F2FA0097AEF0 = {
						CreatedOnToolsVersion = 10.0;
					};
					CE15C37A2382F2FC0097AEF0 = {
						CreatedOnToolsVersion = 10.0;
						TestTargetID = CE15C3662382F2FA0097AEF0;
					};
					CE15C3852382F2FC0097AEF0 = {
						CreatedOnToolsVersion = 10.0;
						TestTargetID = CE15C3662382F2FA0097AEF0;
					};
				};
			};
			buildConfigurationList = CE15C3622382F2FA0097AEF0 /* Build configuration list for PBXProject "calculator" */;
			compatibilityVersion = "Xcode 9.3";
			developmentRegion = en;
			hasScannedForEncodings = 0;
			knownRegions = (
				en,
				Base,
			);
			mainGroup = CE15C35E2382F2FA0097AEF0;
			productRefGroup = CE15C3682382F2FA0097AEF0 /* Products */;
			projectDirPath = "";
			projectRoot = "";
			targets = (
				CE15C3662382F2FA0097AEF0 /* calculator */,
				CE15C37A2382F2FC0097AEF0 /* calculatorTests */,
				CE15C3852382F2FC0097AEF0 /* calculatorUITests */,
			);
		};
/* End PBXProject section */

/* Begin PBXResourcesBuildPhase section */
		CE15C3652382F2FA0097AEF0 /* Resources */ = {
			isa = PBXResourcesBuildPhase;
			buildActionMask = 2147483647;
			files = (
				CE15C39C2382F38A0097AEF0 /* Main.storyboard in Resources */,
				CE15C3752382F2FC0097AEF0 /* LaunchScreen.storyboard in Resources */,
				CE15C3722382F2FC0097AEF0 /* Assets.xcassets in Resources */,
			);
			runOnlyForDeploymentPostprocessing = 0;
		};
		CE15C3792382F2FC0097AEF0 /* Resources */ = {
			isa = PBXResourcesBuildPhase;
			buildActionMask = 2147483647;
			files = (
				CE15C39E2382F38F0097AEF0 /* Main.storyboard in Resources */,
			);
			runOnlyForDeploymentPostprocessing = 0;
		};
		CE15C3842382F2FC0097AEF0 /* Resources */ = {
			isa = PBXResourcesBuildPhase;
			buildActionMask = 2147483647;
			files = (
				CE15C39F2382F3900097AEF0 /* Main.storyboard in Resources */,
			);
			runOnlyForDeploymentPostprocessing = 0;
		};
/* End PBXResourcesBuildPhase section */

/* Begin PBXSourcesBuildPhase section */
		CE15C3632382F2FA0097AEF0 /* Sources */ = {
			isa = PBXSourcesBuildPhase;
			buildActionMask = 2147483647;
			files = (
				CE15C36D2382F2FA0097AEF0 /* ViewController.swift in Sources */,
				CE15C36B2382F2FA0097AEF0 /* AppDelegate.swift in Sources */,
			);
			runOnlyForDeploymentPostprocessing = 0;
		};
		CE15C3772382F2FC0097AEF0 /* Sources */ = {
			isa = PBXSourcesBuildPhase;
			buildActionMask = 2147483647;
			files = (
				CE15C3802382F2FC0097AEF0 /* calculatorTests.swift in Sources */,
			);
			runOnlyForDeploymentPostprocessing = 0;
		};
		CE15C3822382F2FC0097AEF0 /* Sources */ = {
			isa = PBXSourcesBuildPhase;
			buildActionMask = 2147483647;
			files = (
				CE15C38B2382F2FC0097AEF0 /* calculatorUITests.swift in Sources */,
			);
			runOnlyForDeploymentPostprocessing = 0;
		};
/* End PBXSourcesBuildPhase section */

/* Begin PBXTargetDependency section */
		CE15C37D2382F2FC0097AEF0 /* PBXTargetDependency */ = {
			isa = PBXTargetDependency;
			target = CE15C3662382F2FA0097AEF0 /* calculator */;
			targetProxy = CE15C37C2382F2FC0097AEF0 /* PBXContainerItemProxy */;
		};
		CE15C3882382F2FC0097AEF0 /* PBXTargetDependency */ = {
			isa = PBXTargetDependency;
			target = CE15C3662382F2FA0097AEF0 /* calculator */;
			targetProxy = CE15C3872382F2FC0097AEF0 /* PBXContainerItemProxy */;
		};
/* End PBXTargetDependency section */

/* Begin PBXVariantGroup section */
		CE15C36E2382F2FA0097AEF0 /* Main.storyboard */ = {
			isa = PBXVariantGroup;
			children = (
				CE15C36F2382F2FA0097AEF0 /* Base */,
				CE15C39B2382F36B0097AEF0 /* en */,
			);
			name = Main.storyboard;
			sourceTree = "<group>";
		};
		CE15C3732382F2FC0097AEF0 /* LaunchScreen.storyboard */ = {
			isa = PBXVariantGroup;
			children = (
				CE15C3742382F2FC0097AEF0 /* Base */,
			);
			name = LaunchScreen.storyboard;
			sourceTree = "<group>";
		};
/* End PBXVariantGroup section */

/* Begin XCBuildConfiguration section */
		CE15C38D2382F2FC0097AEF0 /* Debug */ = {
			isa = XCBuildConfiguration;
			buildSettings = {
				ALWAYS_SEARCH_USER_PATHS = NO;
				CLANG_ANALYZER_NONNULL = YES;
				CLANG_ANALYZER_NUMBER_OBJECT_CONVERSION = YES_AGGRESSIVE;
				CLANG_CXX_LANGUAGE_STANDARD = "gnu++14";
				CLANG_CXX_LIBRARY = "libc++";
				CLANG_ENABLE_MODULES = YES;
				CLANG_ENABLE_OBJC_ARC = YES;
				CLANG_ENABLE_OBJC_WEAK = YES;
				CLANG_WARN_BLOCK_CAPTURE_AUTORELEASING = YES;
				CLANG_WARN_BOOL_CONVERSION = YES;
				CLANG_WARN_COMMA = YES;
				CLANG_WARN_CONSTANT_CONVERSION = YES;
				CLANG_WARN_DEPRECATED_OBJC_IMPLEMENTATIONS = YES;
				CLANG_WARN_DIRECT_OBJC_ISA_USAGE = YES_ERROR;
				CLANG_WARN_DOCUMENTATION_COMMENTS = YES;
				CLANG_WARN_EMPTY_BODY = YES;
				CLANG_WARN_ENUM_CONVERSION = YES;
				CLANG_WARN_INFINITE_RECURSION = YES;
				CLANG_WARN_INT_CONVERSION = YES;
				CLANG_WARN_NON_LITERAL_NULL_CONVERSION = YES;
				CLANG_WARN_OBJC_IMPLICIT_RETAIN_SELF = YES;
				CLANG_WARN_OBJC_LITERAL_CONVERSION = YES;
				CLANG_WARN_OBJC_ROOT_CLASS = YES_ERROR;
				CLANG_WARN_RANGE_LOOP_ANALYSIS = YES;
				CLANG_WARN_STRICT_PROTOTYPES = YES;
				CLANG_WARN_SUSPICIOUS_MOVE = YES;
				CLANG_WARN_UNGUARDED_AVAILABILITY = YES_AGGRESSIVE;
				CLANG_WARN_UNREACHABLE_CODE = YES;
				CLANG_WARN__DUPLICATE_METHOD_MATCH = YES;
				CODE_SIGN_IDENTITY = "iPhone Developer";
				COPY_PHASE_STRIP = NO;
				DEBUG_INFORMATION_FORMAT = dwarf;
				ENABLE_STRICT_OBJC_MSGSEND = YES;
				ENABLE_TESTABILITY = YES;
				GCC_C_LANGUAGE_STANDARD = gnu11;
				GCC_DYNAMIC_NO_PIC = NO;
				GCC_NO_COMMON_BLOCKS = YES;
				GCC_OPTIMIZATION_LEVEL = 0;
				GCC_PREPROCESSOR_DEFINITIONS = (
					"DEBUG=1",
					"$(inherited)",
				);
				GCC_WARN_64_TO_32_BIT_CONVERSION = YES;
				GCC_WARN_ABOUT_RETURN_TYPE = YES_ERROR;
				GCC_WARN_UNDECLARED_SELECTOR = YES;
				GCC_WARN_UNINITIALIZED_AUTOS = YES_AGGRESSIVE;
				GCC_WARN_UNUSED_FUNCTION = YES;
				GCC_WARN_UNUSED_VARIABLE = YES;
				IPHONEOS_DEPLOYMENT_TARGET = 12.0;
				MTL_ENABLE_DEBUG_INFO = INCLUDE_SOURCE;
				MTL_FAST_MATH = YES;
				ONLY_ACTIVE_ARCH = YES;
				SDKROOT = iphoneos;
				SWIFT_ACTIVE_COMPILATION_CONDITIONS = DEBUG;
				SWIFT_OPTIMIZATION_LEVEL = "-Onone";
			};
			name = Debug;
		};
		CE15C38E2382F2FC0097AEF0 /* Release */ = {
			isa = XCBuildConfiguration;
			buildSettings = {
				ALWAYS_SEARCH_USER_PATHS = NO;
				CLANG_ANALYZER_NONNULL = YES;
				CLANG_ANALYZER_NUMBER_OBJECT_CONVERSION = YES_AGGRESSIVE;
				CLANG_CXX_LANGUAGE_STANDARD = "gnu++14";
				CLANG_CXX_LIBRARY = "libc++";
				CLANG_ENABLE_MODULES = YES;
				CLANG_ENABLE_OBJC_ARC = YES;
				CLANG_ENABLE_OBJC_WEAK = YES;
				CLANG_WARN_BLOCK_CAPTURE_AUTORELEASING = YES;
				CLANG_WARN_BOOL_CONVERSION = YES;
				CLANG_WARN_COMMA = YES;
				CLANG_WARN_CONSTANT_CONVERSION = YES;
				CLANG_WARN_DEPRECATED_OBJC_IMPLEMENTATIONS = YES;
				CLANG_WARN_DIRECT_OBJC_ISA_USAGE = YES_ERROR;
				CLANG_WARN_DOCUMENTATION_COMMENTS = YES;
				CLANG_WARN_EMPTY_BODY = YES;
				CLANG_WARN_ENUM_CONVERSION = YES;
				CLANG_WARN_INFINITE_RECURSION = YES;
				CLANG_WARN_INT_CONVERSION = YES;
				CLANG_WARN_NON_LITERAL_NULL_CONVERSION = YES;
				CLANG_WARN_OBJC_IMPLICIT_RETAIN_SELF = YES;
				CLANG_WARN_OBJC_LITERAL_CONVERSION = YES;
				CLANG_WARN_OBJC_ROOT_CLASS = YES_ERROR;
				CLANG_WARN_RANGE_LOOP_ANALYSIS = YES;
				CLANG_WARN_STRICT_PROTOTYPES = YES;
				CLANG_WARN_SUSPICIOUS_MOVE = YES;
				CLANG_WARN_UNGUARDED_AVAILABILITY = YES_AGGRESSIVE;
				CLANG_WARN_UNREACHABLE_CODE = YES;
				CLANG_WARN__DUPLICATE_METHOD_MATCH = YES;
				CODE_SIGN_IDENTITY = "iPhone Developer";
				COPY_PHASE_STRIP = NO;
				DEBUG_INFORMATION_FORMAT = "dwarf-with-dsym";
				ENABLE_NS_ASSERTIONS = NO;
				ENABLE_STRICT_OBJC_MSGSEND = YES;
				GCC_C_LANGUAGE_STANDARD = gnu11;
				GCC_NO_COMMON_BLOCKS = YES;
				GCC_WARN_64_TO_32_BIT_CONVERSION = YES;
				GCC_WARN_ABOUT_RETURN_TYPE = YES_ERROR;
				GCC_WARN_UNDECLARED_SELECTOR = YES;
				GCC_WARN_UNINITIALIZED_AUTOS = YES_AGGRESSIVE;
				GCC_WARN_UNUSED_FUNCTION = YES;
				GCC_WARN_UNUSED_VARIABLE = YES;
				IPHONEOS_DEPLOYMENT_TARGET = 12.0;
				MTL_ENABLE_DEBUG_INFO = NO;
				MTL_FAST_MATH = YES;
				SDKROOT = iphoneos;
				SWIFT_COMPILATION_MODE = wholemodule;
				SWIFT_OPTIMIZATION_LEVEL = "-O";
				VALIDATE_PRODUCT = YES;
			};
			name = Release;
		};
		CE15C3902382F2FC0097AEF0 /* Debug */ = {
			isa = XCBuildConfiguration;
			buildSettings = {
				ASSETCATALOG_COMPILER_APPICON_NAME = AppIcon;
				CODE_SIGN_STYLE = Automatic;
				DEVELOPMENT_TEAM = VF4CC5B7KH;
				INFOPLIST_FILE = calculator/Info.plist;
				LD_RUNPATH_SEARCH_PATHS = (
					"$(inherited)",
					"@executable_path/Frameworks",
				);
				PRODUCT_BUNDLE_IDENTIFIER = darya.hsnva.calculator;
				PRODUCT_NAME = "$(TARGET_NAME)";
				SWIFT_VERSION = 4.2;
				TARGETED_DEVICE_FAMILY = "1,2";
			};
			name = Debug;
		};
		CE15C3912382F2FC0097AEF0 /* Release */ = {
			isa = XCBuildConfiguration;
			buildSettings = {
				ASSETCATALOG_COMPILER_APPICON_NAME = AppIcon;
				CODE_SIGN_STYLE = Automatic;
				DEVELOPMENT_TEAM = VF4CC5B7KH;
				INFOPLIST_FILE = calculator/Info.plist;
				LD_RUNPATH_SEARCH_PATHS = (
					"$(inherited)",
					"@executable_path/Frameworks",
				);
				PRODUCT_BUNDLE_IDENTIFIER = darya.hsnva.calculator;
				PRODUCT_NAME = "$(TARGET_NAME)";
				SWIFT_VERSION = 4.2;
				TARGETED_DEVICE_FAMILY = "1,2";
			};
			name = Release;
		};
		CE15C3932382F2FC0097AEF0 /* Debug */ = {
			isa = XCBuildConfiguration;
			buildSettings = {
				ALWAYS_EMBED_SWIFT_STANDARD_LIBRARIES = YES;
				BUNDLE_LOADER = "$(TEST_HOST)";
				CODE_SIGN_STYLE = Automatic;
				DEVELOPMENT_TEAM = VF4CC5B7KH;
				INFOPLIST_FILE = calculatorTests/Info.plist;
				LD_RUNPATH_SEARCH_PATHS = (
					"$(inherited)",
					"@executable_path/Frameworks",
					"@loader_path/Frameworks",
				);
				PRODUCT_BUNDLE_IDENTIFIER = darya.hsnva.calculatorTests;
				PRODUCT_NAME = "$(TARGET_NAME)";
				SWIFT_VERSION = 4.2;
				TARGETED_DEVICE_FAMILY = "1,2";
				TEST_HOST = "$(BUILT_PRODUCTS_DIR)/calculator.app/calculator";
			};
			name = Debug;
		};
		CE15C3942382F2FC0097AEF0 /* Release */ = {
			isa = XCBuildConfiguration;
			buildSettings = {
				ALWAYS_EMBED_SWIFT_STANDARD_LIBRARIES = YES;
				BUNDLE_LOADER = "$(TEST_HOST)";
				CODE_SIGN_STYLE = Automatic;
				DEVELOPMENT_TEAM = VF4CC5B7KH;
				INFOPLIST_FILE = calculatorTests/Info.plist;
				LD_RUNPATH_SEARCH_PATHS = (
					"$(inherited)",
					"@executable_path/Frameworks",
					"@loader_path/Frameworks",
				);
				PRODUCT_BUNDLE_IDENTIFIER = darya.hsnva.calculatorTests;
				PRODUCT_NAME = "$(TARGET_NAME)";
				SWIFT_VERSION = 4.2;
				TARGETED_DEVICE_FAMILY = "1,2";
				TEST_HOST = "$(BUILT_PRODUCTS_DIR)/calculator.app/calculator";
			};
			name = Release;
		};
		CE15C3962382F2FC0097AEF0 /* Debug */ = {
			isa = XCBuildConfiguration;
			buildSettings = {
				ALWAYS_EMBED_SWIFT_STANDARD_LIBRARIES = YES;
				CODE_SIGN_STYLE = Automatic;
				DEVELOPMENT_TEAM = VF4CC5B7KH;
				INFOPLIST_FILE = calculatorUITests/Info.plist;
				LD_RUNPATH_SEARCH_PATHS = (
					"$(inherited)",
					"@executable_path/Frameworks",
					"@loader_path/Frameworks",
				);
				PRODUCT_BUNDLE_IDENTIFIER = darya.hsnva.calculatorUITests;
				PRODUCT_NAME = "$(TARGET_NAME)";
				SWIFT_VERSION = 4.2;
				TARGETED_DEVICE_FAMILY = "1,2";
				TEST_TARGET_NAME = calculator;
			};
			name = Debug;
		};
		CE15C3972382F2FC0097AEF0 /* Release */ = {
			isa = XCBuildConfiguration;
			buildSettings = {
				ALWAYS_EMBED_SWIFT_STANDARD_LIBRARIES = YES;
				CODE_SIGN_STYLE = Automatic;
				DEVELOPMENT_TEAM = VF4CC5B7KH;
				INFOPLIST_FILE = calculatorUITests/Info.plist;
				LD_RUNPATH_SEARCH_PATHS = (
					"$(inherited)",
					"@executable_path/Frameworks",
					"@loader_path/Frameworks",
				);
				PRODUCT_BUNDLE_IDENTIFIER = darya.hsnva.calculatorUITests;
				PRODUCT_NAME = "$(TARGET_NAME)";
				SWIFT_VERSION = 4.2;
				TARGETED_DEVICE_FAMILY = "1,2";
				TEST_TARGET_NAME = calculator;
			};
			name = Release;
		};
/* End XCBuildConfiguration section */

/* Begin XCConfigurationList section */
		CE15C3622382F2FA0097AEF0 /* Build configuration list for PBXProject "calculator" */ = {
			isa = XCConfigurationList;
			buildConfigurations = (
				CE15C38D2382F2FC0097AEF0 /* Debug */,
				CE15C38E2382F2FC0097AEF0 /* Release */,
			);
			defaultConfigurationIsVisible = 0;
			defaultConfigurationName = Release;
		};
		CE15C38F2382F2FC0097AEF0 /* Build configuration list for PBXNativeTarget "calculator" */ = {
			isa = XCConfigurationList;
			buildConfigurations = (
				CE15C3902382F2FC0097AEF0 /* Debug */,
				CE15C3912382F2FC0097AEF0 /* Release */,
			);
			defaultConfigurationIsVisible = 0;
			defaultConfigurationName = Release;
		};
		CE15C3922382F2FC0097AEF0 /* Build configuration list for PBXNativeTarget "calculatorTests" */ = {
			isa = XCConfigurationList;
			buildConfigurations = (
				CE15C3932382F2FC0097AEF0 /* Debug */,
				CE15C3942382F2FC0097AEF0 /* Release */,
			);
			defaultConfigurationIsVisible = 0;
			defaultConfigurationName = Release;
		};
		CE15C3952382F2FC0097AEF0 /* Build configuration list for PBXNativeTarget "calculatorUITests" */ = {
			isa = XCConfigurationList;
			buildConfigurations = (
				CE15C3962382F2FC0097AEF0 /* Debug */,
				CE15C3972382F2FC0097AEF0 /* Release */,
			);
			defaultConfigurationIsVisible = 0;
			defaultConfigurationName = Release;
		};
/* End XCConfigurationList section */
	};
	rootObject = CE15C35F2382F2FA0097AEF0 /* Project object */;
}
